
Microsoft Visual Studio Solution File, Format Version 12.00
# Visual Studio 15
VisualStudioVersion = 15.0.27428.2037
MinimumVisualStudioVersion = 10.0.40219.1
Project("{FAE04EC0-301F-11D3-BF4B-00C04F79EFBC}") = "PokeApp", "PokeApp\PokeApp.csproj", "{0589006A-3FDC-4DF5-B7DE-B65533893189}"
EndProject
Global
	GlobalSection(SolutionConfigurationPlatforms) = preSolution
		Debug|Any CPU = Debug|Any CPU
		Release|Any CPU = Release|Any CPU
	EndGlobalSection
	GlobalSection(ProjectConfigurationPlatforms) = postSolution
		{0589006A-3FDC-4DF5-B7DE-B65533893189}.Debug|Any CPU.ActiveCfg = Debug|Any CPU
		{0589006A-3FDC-4DF5-B7DE-B65533893189}.Debug|Any CPU.Build.0 = Debug|Any CPU
		{0589006A-3FDC-4DF5-B7DE-B65533893189}.Release|Any CPU.ActiveCfg = Release|Any CPU
		{0589006A-3FDC-4DF5-B7DE-B65533893189}.Release|Any CPU.Build.0 = Release|Any CPU
	EndGlobalSection
	GlobalSection(SolutionProperties) = preSolution
		HideSolutionNode = FALSE
	EndGlobalSection
	GlobalSection(ExtensibilityGlobals) = postSolution
		SolutionGuid = {6F9462D9-EC57-4547-BF43-2F1856340F6C}
	EndGlobalSection
EndGlobal
